
Microsoft Visual Studio Solution File, Format Version 12.00
# Visual Studio Version 17
VisualStudioVersion = 17.0.31903.59
MinimumVisualStudioVersion = 10.0.40219.1
Project("{FAE04EC0-301F-11D3-BF4B-00C04F79EFBC}") = "SportsStore", "SportsStore\SportsStore.csproj", "{1D76A45F-BBFB-4537-9F07-449FA745E3CC}"
EndProject
Project("{FAE04EC0-301F-11D3-BF4B-00C04F79EFBC}") = "SportsStore.Tests", "SportsStore.Tests\SportsStore.Tests.csproj", "{D403CFAD-4F9F-4BA8-BA63-B254EE3E1F47}"
EndProject
Global
	GlobalSection(SolutionConfigurationPlatforms) = preSolution
		Debug|Any CPU = Debug|Any CPU
		Debug|x64 = Debug|x64
		Debug|x86 = Debug|x86
		Release|Any CPU = Release|Any CPU
		Release|x64 = Release|x64
		Release|x86 = Release|x86
	EndGlobalSection
	GlobalSection(ProjectConfigurationPlatforms) = postSolution
		{1D76A45F-BBFB-4537-9F07-449FA745E3CC}.Debug|Any CPU.ActiveCfg = Debug|Any CPU
		{1D76A45F-BBFB-4537-9F07-449FA745E3CC}.Debug|Any CPU.Build.0 = Debug|Any CPU
		{1D76A45F-BBFB-4537-9F07-449FA745E3CC}.Debug|x64.ActiveCfg = Debug|Any CPU
		{1D76A45F-BBFB-4537-9F07-449FA745E3CC}.Debug|x64.Build.0 = Debug|Any CPU
		{1D76A45F-BBFB-4537-9F07-449FA745E3CC}.Debug|x86.ActiveCfg = Debug|Any CPU
		{1D76A45F-BBFB-4537-9F07-449FA745E3CC}.Debug|x86.Build.0 = Debug|Any CPU
		{1D76A45F-BBFB-4537-9F07-449FA745E3CC}.Release|Any CPU.ActiveCfg = Release|Any CPU
		{1D76A45F-BBFB-4537-9F07-449FA745E3CC}.Release|Any CPU.Build.0 = Release|Any CPU
		{1D76A45F-BBFB-4537-9F07-449FA745E3CC}.Release|x64.ActiveCfg = Release|Any CPU
		{1D76A45F-BBFB-4537-9F07-449FA745E3CC}.Release|x64.Build.0 = Release|Any CPU
		{1D76A45F-BBFB-4537-9F07-449FA745E3CC}.Release|x86.ActiveCfg = Release|Any CPU
		{1D76A45F-BBFB-4537-9F07-449FA745E3CC}.Release|x86.Build.0 = Release|Any CPU
		{D403CFAD-4F9F-4BA8-BA63-B254EE3E1F47}.Debug|Any CPU.ActiveCfg = Debug|Any CPU
		{D403CFAD-4F9F-4BA8-BA63-B254EE3E1F47}.Debug|Any CPU.Build.0 = Debug|Any CPU
		{D403CFAD-4F9F-4BA8-BA63-B254EE3E1F47}.Debug|x64.ActiveCfg = Debug|Any CPU
		{D403CFAD-4F9F-4BA8-BA63-B254EE3E1F47}.Debug|x64.Build.0 = Debug|Any CPU
		{D403CFAD-4F9F-4BA8-BA63-B254EE3E1F47}.Debug|x86.ActiveCfg = Debug|Any CPU
		{D403CFAD-4F9F-4BA8-BA63-B254EE3E1F47}.Debug|x86.Build.0 = Debug|Any CPU
		{D403CFAD-4F9F-4BA8-BA63-B254EE3E1F47}.Release|Any CPU.ActiveCfg = Release|Any CPU
		{D403CFAD-4F9F-4BA8-BA63-B254EE3E1F47}.Release|Any CPU.Build.0 = Release|Any CPU
		{D403CFAD-4F9F-4BA8-BA63-B254EE3E1F47}.Release|x64.ActiveCfg = Release|Any CPU
		{D403CFAD-4F9F-4BA8-BA63-B254EE3E1F47}.Release|x64.Build.0 = Release|Any CPU
		{D403CFAD-4F9F-4BA8-BA63-B254EE3E1F47}.Release|x86.ActiveCfg = Release|Any CPU
		{D403CFAD-4F9F-4BA8-BA63-B254EE3E1F47}.Release|x86.Build.0 = Release|Any CPU
	EndGlobalSection
	GlobalSection(SolutionProperties) = preSolution
		HideSolutionNode = FALSE
	EndGlobalSection
EndGlobal
